
Microsoft Visual Studio Solution File, Format Version 12.00
# Visual Studio Version 17
VisualStudioVersion = 17.2.32526.322
MinimumVisualStudioVersion = 10.0.40219.1
Project("{9A19103F-16F7-4668-BE54-9A1E7A4F7556}") = "BuberDinner.Api", "BuberDinner.Api\BuberDinner.Api.csproj", "{F39B024F-0382-4CF0-A944-BE8C3CB5A825}"
EndProject
Project("{9A19103F-16F7-4668-BE54-9A1E7A4F7556}") = "BuberDinner.Contracts", "BuberDinner.Contracts\BuberDinner.Contracts.csproj", "{CEFDE833-98E9-4412-B1E9-92FA2ACEB642}"
EndProject
Project("{9A19103F-16F7-4668-BE54-9A1E7A4F7556}") = "BuberDinner.Domain", "BuberDinner.Domain\BuberDinner.Domain.csproj", "{D2E2BEC4-D73A-4CAF-BFD8-194A976C61F1}"
EndProject
Project("{9A19103F-16F7-4668-BE54-9A1E7A4F7556}") = "BuberDinner.Application", "BuberDinner.Application\BuberDinner.Application.csproj", "{7F7B0224-6955-49D0-AAB7-F271C998A560}"
EndProject
Project("{9A19103F-16F7-4668-BE54-9A1E7A4F7556}") = "BuberDinner.Infrastructure", "BuberDinner.Infrastructure\BuberDinner.Infrastructure.csproj", "{233BE542-6988-426F-B07C-A18815C0B2A0}"
EndProject
Global
	GlobalSection(SolutionConfigurationPlatforms) = preSolution
		Debug|Any CPU = Debug|Any CPU
		Release|Any CPU = Release|Any CPU
	EndGlobalSection
	GlobalSection(ProjectConfigurationPlatforms) = postSolution
		{F39B024F-0382-4CF0-A944-BE8C3CB5A825}.Debug|Any CPU.ActiveCfg = Debug|Any CPU
		{F39B024F-0382-4CF0-A944-BE8C3CB5A825}.Debug|Any CPU.Build.0 = Debug|Any CPU
		{F39B024F-0382-4CF0-A944-BE8C3CB5A825}.Release|Any CPU.ActiveCfg = Release|Any CPU
		{F39B024F-0382-4CF0-A944-BE8C3CB5A825}.Release|Any CPU.Build.0 = Release|Any CPU
		{CEFDE833-98E9-4412-B1E9-92FA2ACEB642}.Debug|Any CPU.ActiveCfg = Debug|Any CPU
		{CEFDE833-98E9-4412-B1E9-92FA2ACEB642}.Debug|Any CPU.Build.0 = Debug|Any CPU
		{CEFDE833-98E9-4412-B1E9-92FA2ACEB642}.Release|Any CPU.ActiveCfg = Release|Any CPU
		{CEFDE833-98E9-4412-B1E9-92FA2ACEB642}.Release|Any CPU.Build.0 = Release|Any CPU
		{D2E2BEC4-D73A-4CAF-BFD8-194A976C61F1}.Debug|Any CPU.ActiveCfg = Debug|Any CPU
		{D2E2BEC4-D73A-4CAF-BFD8-194A976C61F1}.Debug|Any CPU.Build.0 = Debug|Any CPU
		{D2E2BEC4-D73A-4CAF-BFD8-194A976C61F1}.Release|Any CPU.ActiveCfg = Release|Any CPU
		{D2E2BEC4-D73A-4CAF-BFD8-194A976C61F1}.Release|Any CPU.Build.0 = Release|Any CPU
		{7F7B0224-6955-49D0-AAB7-F271C998A560}.Debug|Any CPU.ActiveCfg = Debug|Any CPU
		{7F7B0224-6955-49D0-AAB7-F271C998A560}.Debug|Any CPU.Build.0 = Debug|Any CPU
		{7F7B0224-6955-49D0-AAB7-F271C998A560}.Release|Any CPU.ActiveCfg = Release|Any CPU
		{7F7B0224-6955-49D0-AAB7-F271C998A560}.Release|Any CPU.Build.0 = Release|Any CPU
		{233BE542-6988-426F-B07C-A18815C0B2A0}.Debug|Any CPU.ActiveCfg = Debug|Any CPU
		{233BE542-6988-426F-B07C-A18815C0B2A0}.Debug|Any CPU.Build.0 = Debug|Any CPU
		{233BE542-6988-426F-B07C-A18815C0B2A0}.Release|Any CPU.ActiveCfg = Release|Any CPU
		{233BE542-6988-426F-B07C-A18815C0B2A0}.Release|Any CPU.Build.0 = Release|Any CPU
	EndGlobalSection
	GlobalSection(SolutionProperties) = preSolution
		HideSolutionNode = FALSE
	EndGlobalSection
	GlobalSection(ExtensibilityGlobals) = postSolution
		SolutionGuid = {1FE15499-16A9-4E6F-AB22-6F3C2470BB14}
	EndGlobalSection
EndGlobal
